
Microsoft Visual Studio Solution File, Format Version 12.00
# Visual Studio Version 16
VisualStudioVersion = 16.0.30523.141
MinimumVisualStudioVersion = 10.0.40219.1
Project("{FAE04EC0-301F-11D3-BF4B-00C04F79EFBC}") = "Bookswagon_Updated", "Bookswagon_Updated\Bookswagon_Updated.csproj", "{4CB95A1E-BD72-4C57-B309-92DB4A95F1D5}"
EndProject
Global
	GlobalSection(SolutionConfigurationPlatforms) = preSolution
		Debug|Any CPU = Debug|Any CPU
		Release|Any CPU = Release|Any CPU
	EndGlobalSection
	GlobalSection(ProjectConfigurationPlatforms) = postSolution
		{4CB95A1E-BD72-4C57-B309-92DB4A95F1D5}.Debug|Any CPU.ActiveCfg = Debug|Any CPU
		{4CB95A1E-BD72-4C57-B309-92DB4A95F1D5}.Debug|Any CPU.Build.0 = Debug|Any CPU
		{4CB95A1E-BD72-4C57-B309-92DB4A95F1D5}.Release|Any CPU.ActiveCfg = Release|Any CPU
		{4CB95A1E-BD72-4C57-B309-92DB4A95F1D5}.Release|Any CPU.Build.0 = Release|Any CPU
	EndGlobalSection
	GlobalSection(SolutionProperties) = preSolution
		HideSolutionNode = FALSE
	EndGlobalSection
	GlobalSection(ExtensibilityGlobals) = postSolution
		SolutionGuid = {512967A6-BDA9-4537-96BB-F1ACB6B6E43E}
	EndGlobalSection
EndGlobal
